
Microsoft Visual Studio Solution File, Format Version 12.00
# Visual Studio 15
VisualStudioVersion = 15.0.28307.329
MinimumVisualStudioVersion = 10.0.40219.1
Project("{FAE04EC0-301F-11D3-BF4B-00C04F79EFBC}") = "Nameless_Store", "Nameless_Store\Nameless_Store.csproj", "{3323FC27-8AAB-4D09-B57D-A34BB410B4D5}"
EndProject
Global
	GlobalSection(SolutionConfigurationPlatforms) = preSolution
		Debug|Any CPU = Debug|Any CPU
		Release|Any CPU = Release|Any CPU
	EndGlobalSection
	GlobalSection(ProjectConfigurationPlatforms) = postSolution
		{3323FC27-8AAB-4D09-B57D-A34BB410B4D5}.Debug|Any CPU.ActiveCfg = Debug|Any CPU
		{3323FC27-8AAB-4D09-B57D-A34BB410B4D5}.Debug|Any CPU.Build.0 = Debug|Any CPU
		{3323FC27-8AAB-4D09-B57D-A34BB410B4D5}.Release|Any CPU.ActiveCfg = Release|Any CPU
		{3323FC27-8AAB-4D09-B57D-A34BB410B4D5}.Release|Any CPU.Build.0 = Release|Any CPU
	EndGlobalSection
	GlobalSection(SolutionProperties) = preSolution
		HideSolutionNode = FALSE
	EndGlobalSection
	GlobalSection(ExtensibilityGlobals) = postSolution
		SolutionGuid = {B87E9A4E-5959-4902-A08F-2300F38C17EA}
	EndGlobalSection
EndGlobal
